
Microsoft Visual Studio Solution File, Format Version 12.00
# Visual Studio Version 17
VisualStudioVersion = 17.4.33213.308
MinimumVisualStudioVersion = 10.0.40219.1
Project("{9A19103F-16F7-4668-BE54-9A1E7A4F7556}") = "HostelBookingSystem", "HostelBookingSystem\HostelBookingSystem.csproj", "{0FFBA846-D214-49BF-8319-A372DA3BB291}"
EndProject
Project("{9A19103F-16F7-4668-BE54-9A1E7A4F7556}") = "HostelBookingSystem.Domain", "HostelBookingSystem.Domain\HostelBookingSystem.Domain.csproj", "{CF617F94-B642-4104-961A-BA7BF4136BB3}"
EndProject
Project("{9A19103F-16F7-4668-BE54-9A1E7A4F7556}") = "HostelBookingSystem.DataAccess", "HostelBookingSystem.DataAccess\HostelBookingSystem.DataAccess.csproj", "{AFB5843D-F90B-4764-B3D6-25DADBB0DCD9}"
EndProject
Project("{9A19103F-16F7-4668-BE54-9A1E7A4F7556}") = "HostelBookingSystem.HelpersClassLib", "HostelBookingSystem.HelpersClassLib\HostelBookingSystem.HelpersClassLib.csproj", "{523A6F2A-93A2-4397-A27F-C92A8E398604}"
EndProject
Project("{9A19103F-16F7-4668-BE54-9A1E7A4F7556}") = "HostelBookingSystem.DTOs", "HostelBookingSystem.DTOs\HostelBookingSystem.DTOs.csproj", "{A23EDE3B-37CE-4612-B3B3-CA3DD3552831}"
EndProject
Project("{9A19103F-16F7-4668-BE54-9A1E7A4F7556}") = "HostelBookingSystem.Mappers", "HostelBookingSystem.Mappers\HostelBookingSystem.Mappers.csproj", "{EF0ED38A-1FDA-4CE1-B06D-24D4ECD22E8E}"
EndProject
Project("{9A19103F-16F7-4668-BE54-9A1E7A4F7556}") = "HostelBookingSystem.Services", "HostelBookingSystem.Services\HostelBookingSystem.Services.csproj", "{82E7F9D1-2148-4960-8167-B7758B1D9BE4}"
EndProject
Project("{9A19103F-16F7-4668-BE54-9A1E7A4F7556}") = "HostelBookingSystem.Shared", "HostelBookingSystem.Shared\HostelBookingSystem.Shared.csproj", "{3B7776BE-23DC-4EA0-800B-BEDED725E89A}"
EndProject
Global
	GlobalSection(SolutionConfigurationPlatforms) = preSolution
		Debug|Any CPU = Debug|Any CPU
		Release|Any CPU = Release|Any CPU
	EndGlobalSection
	GlobalSection(ProjectConfigurationPlatforms) = postSolution
		{0FFBA846-D214-49BF-8319-A372DA3BB291}.Debug|Any CPU.ActiveCfg = Debug|Any CPU
		{0FFBA846-D214-49BF-8319-A372DA3BB291}.Debug|Any CPU.Build.0 = Debug|Any CPU
		{0FFBA846-D214-49BF-8319-A372DA3BB291}.Release|Any CPU.ActiveCfg = Release|Any CPU
		{0FFBA846-D214-49BF-8319-A372DA3BB291}.Release|Any CPU.Build.0 = Release|Any CPU
		{CF617F94-B642-4104-961A-BA7BF4136BB3}.Debug|Any CPU.ActiveCfg = Debug|Any CPU
		{CF617F94-B642-4104-961A-BA7BF4136BB3}.Debug|Any CPU.Build.0 = Debug|Any CPU
		{CF617F94-B642-4104-961A-BA7BF4136BB3}.Release|Any CPU.ActiveCfg = Release|Any CPU
		{CF617F94-B642-4104-961A-BA7BF4136BB3}.Release|Any CPU.Build.0 = Release|Any CPU
		{AFB5843D-F90B-4764-B3D6-25DADBB0DCD9}.Debug|Any CPU.ActiveCfg = Debug|Any CPU
		{AFB5843D-F90B-4764-B3D6-25DADBB0DCD9}.Debug|Any CPU.Build.0 = Debug|Any CPU
		{AFB5843D-F90B-4764-B3D6-25DADBB0DCD9}.Release|Any CPU.ActiveCfg = Release|Any CPU
		{AFB5843D-F90B-4764-B3D6-25DADBB0DCD9}.Release|Any CPU.Build.0 = Release|Any CPU
		{523A6F2A-93A2-4397-A27F-C92A8E398604}.Debug|Any CPU.ActiveCfg = Debug|Any CPU
		{523A6F2A-93A2-4397-A27F-C92A8E398604}.Debug|Any CPU.Build.0 = Debug|Any CPU
		{523A6F2A-93A2-4397-A27F-C92A8E398604}.Release|Any CPU.ActiveCfg = Release|Any CPU
		{523A6F2A-93A2-4397-A27F-C92A8E398604}.Release|Any CPU.Build.0 = Release|Any CPU
		{A23EDE3B-37CE-4612-B3B3-CA3DD3552831}.Debug|Any CPU.ActiveCfg = Debug|Any CPU
		{A23EDE3B-37CE-4612-B3B3-CA3DD3552831}.Debug|Any CPU.Build.0 = Debug|Any CPU
		{A23EDE3B-37CE-4612-B3B3-CA3DD3552831}.Release|Any CPU.ActiveCfg = Release|Any CPU
		{A23EDE3B-37CE-4612-B3B3-CA3DD3552831}.Release|Any CPU.Build.0 = Release|Any CPU
		{EF0ED38A-1FDA-4CE1-B06D-24D4ECD22E8E}.Debug|Any CPU.ActiveCfg = Debug|Any CPU
		{EF0ED38A-1FDA-4CE1-B06D-24D4ECD22E8E}.Debug|Any CPU.Build.0 = Debug|Any CPU
		{EF0ED38A-1FDA-4CE1-B06D-24D4ECD22E8E}.Release|Any CPU.ActiveCfg = Release|Any CPU
		{EF0ED38A-1FDA-4CE1-B06D-24D4ECD22E8E}.Release|Any CPU.Build.0 = Release|Any CPU
		{82E7F9D1-2148-4960-8167-B7758B1D9BE4}.Debug|Any CPU.ActiveCfg = Debug|Any CPU
		{82E7F9D1-2148-4960-8167-B7758B1D9BE4}.Debug|Any CPU.Build.0 = Debug|Any CPU
		{82E7F9D1-2148-4960-8167-B7758B1D9BE4}.Release|Any CPU.ActiveCfg = Release|Any CPU
		{82E7F9D1-2148-4960-8167-B7758B1D9BE4}.Release|Any CPU.Build.0 = Release|Any CPU
		{3B7776BE-23DC-4EA0-800B-BEDED725E89A}.Debug|Any CPU.ActiveCfg = Debug|Any CPU
		{3B7776BE-23DC-4EA0-800B-BEDED725E89A}.Debug|Any CPU.Build.0 = Debug|Any CPU
		{3B7776BE-23DC-4EA0-800B-BEDED725E89A}.Release|Any CPU.ActiveCfg = Release|Any CPU
		{3B7776BE-23DC-4EA0-800B-BEDED725E89A}.Release|Any CPU.Build.0 = Release|Any CPU
	EndGlobalSection
	GlobalSection(SolutionProperties) = preSolution
		HideSolutionNode = FALSE
	EndGlobalSection
	GlobalSection(ExtensibilityGlobals) = postSolution
		SolutionGuid = {131DC742-88AE-454F-AFD1-FCE4C38C3529}
	EndGlobalSection
EndGlobal
